{
    "name": "mock-package",
    "version": "1.0.0",
    "lockfileVersion": 1,
    "requires": true,
    "packages": {
      "node_modules/package1": {
        "version": "1.0.0",
        "resolved": "http://example.com/package1.tgz"
      },
      "node_modules/package2": {
        "version": "1.0.0",
        "resolved": "http://example.com/package2.tgz"
      }
    }
  }
  